
Microsoft Visual Studio Solution File, Format Version 12.00
# Visual Studio Version 17
VisualStudioVersion = 17.4.33213.308
MinimumVisualStudioVersion = 10.0.40219.1
Project("{FAE04EC0-301F-11D3-BF4B-00C04F79EFBC}") = "MeContrata", "MeContrata\MeContrata.csproj", "{9047A664-4218-462C-852B-184AE1A1E37D}"
EndProject
Global
	GlobalSection(SolutionConfigurationPlatforms) = preSolution
		Debug|Any CPU = Debug|Any CPU
		Release|Any CPU = Release|Any CPU
	EndGlobalSection
	GlobalSection(ProjectConfigurationPlatforms) = postSolution
		{9047A664-4218-462C-852B-184AE1A1E37D}.Debug|Any CPU.ActiveCfg = Debug|Any CPU
		{9047A664-4218-462C-852B-184AE1A1E37D}.Debug|Any CPU.Build.0 = Debug|Any CPU
		{9047A664-4218-462C-852B-184AE1A1E37D}.Release|Any CPU.ActiveCfg = Release|Any CPU
		{9047A664-4218-462C-852B-184AE1A1E37D}.Release|Any CPU.Build.0 = Release|Any CPU
	EndGlobalSection
	GlobalSection(SolutionProperties) = preSolution
		HideSolutionNode = FALSE
	EndGlobalSection
	GlobalSection(ExtensibilityGlobals) = postSolution
		SolutionGuid = {CC8757FD-669D-4819-BE4E-BE9D9AF71899}
	EndGlobalSection
EndGlobal
